
Microsoft Visual Studio Solution File, Format Version 12.00
# Visual Studio Version 16
VisualStudioVersion = 16.0.31105.61
MinimumVisualStudioVersion = 10.0.40219.1
Project("{8BC9CEB8-8B4A-11D0-8D11-00A0C91BC942}") = "SaniBotExperimenten", "SaniBotExperimenten\SaniBotExperimenten.vcxproj", "{4AE03C1E-3D47-42E0-A015-E71AA6DFF6F2}"
EndProject
Global
	GlobalSection(SolutionConfigurationPlatforms) = preSolution
		Debug|x64 = Debug|x64
		Debug|x86 = Debug|x86
		Release|x64 = Release|x64
		Release|x86 = Release|x86
	EndGlobalSection
	GlobalSection(ProjectConfigurationPlatforms) = postSolution
		{4AE03C1E-3D47-42E0-A015-E71AA6DFF6F2}.Debug|x64.ActiveCfg = Debug|x64
		{4AE03C1E-3D47-42E0-A015-E71AA6DFF6F2}.Debug|x64.Build.0 = Debug|x64
		{4AE03C1E-3D47-42E0-A015-E71AA6DFF6F2}.Debug|x86.ActiveCfg = Debug|Win32
		{4AE03C1E-3D47-42E0-A015-E71AA6DFF6F2}.Debug|x86.Build.0 = Debug|Win32
		{4AE03C1E-3D47-42E0-A015-E71AA6DFF6F2}.Release|x64.ActiveCfg = Release|x64
		{4AE03C1E-3D47-42E0-A015-E71AA6DFF6F2}.Release|x64.Build.0 = Release|x64
		{4AE03C1E-3D47-42E0-A015-E71AA6DFF6F2}.Release|x86.ActiveCfg = Release|Win32
		{4AE03C1E-3D47-42E0-A015-E71AA6DFF6F2}.Release|x86.Build.0 = Release|Win32
	EndGlobalSection
	GlobalSection(SolutionProperties) = preSolution
		HideSolutionNode = FALSE
	EndGlobalSection
	GlobalSection(ExtensibilityGlobals) = postSolution
		SolutionGuid = {432753F3-AB21-43A0-86FB-26C6C1F0036D}
	EndGlobalSection
EndGlobal
